
Microsoft Visual Studio Solution File, Format Version 12.00
# Visual Studio Version 16
VisualStudioVersion = 16.0.31410.357
MinimumVisualStudioVersion = 10.0.40219.1
Project("{9A19103F-16F7-4668-BE54-9A1E7A4F7556}") = "ChatBox", "ChatBox.csproj", "{838ECB51-92DD-4951-B05F-286B7BF47848}"
EndProject
Project("{9A19103F-16F7-4668-BE54-9A1E7A4F7556}") = "ChatBox.BO", "..\ChatBox.BO\ChatBox.BO.csproj", "{299F0F88-B595-4C23-938E-CD20CA22A497}"
EndProject
Project("{9A19103F-16F7-4668-BE54-9A1E7A4F7556}") = "ChatBox.SignalRHub", "..\ChatBox.SignalRHub\ChatBox.SignalRHub.csproj", "{FB6E5328-2E07-47DE-99E9-476C7E75AB12}"
EndProject
Project("{FAE04EC0-301F-11D3-BF4B-00C04F79EFBC}") = "ChatBox.DataLayer", "..\ChatBox.DataLayer\ChatBox.DataLayer.csproj", "{F333CB85-CEFE-4A4B-B88B-B2B1F152E034}"
EndProject
Global
	GlobalSection(SolutionConfigurationPlatforms) = preSolution
		Debug|Any CPU = Debug|Any CPU
		Release|Any CPU = Release|Any CPU
	EndGlobalSection
	GlobalSection(ProjectConfigurationPlatforms) = postSolution
		{838ECB51-92DD-4951-B05F-286B7BF47848}.Debug|Any CPU.ActiveCfg = Debug|Any CPU
		{838ECB51-92DD-4951-B05F-286B7BF47848}.Debug|Any CPU.Build.0 = Debug|Any CPU
		{838ECB51-92DD-4951-B05F-286B7BF47848}.Release|Any CPU.ActiveCfg = Release|Any CPU
		{838ECB51-92DD-4951-B05F-286B7BF47848}.Release|Any CPU.Build.0 = Release|Any CPU
		{299F0F88-B595-4C23-938E-CD20CA22A497}.Debug|Any CPU.ActiveCfg = Debug|Any CPU
		{299F0F88-B595-4C23-938E-CD20CA22A497}.Debug|Any CPU.Build.0 = Debug|Any CPU
		{299F0F88-B595-4C23-938E-CD20CA22A497}.Release|Any CPU.ActiveCfg = Release|Any CPU
		{299F0F88-B595-4C23-938E-CD20CA22A497}.Release|Any CPU.Build.0 = Release|Any CPU
		{FB6E5328-2E07-47DE-99E9-476C7E75AB12}.Debug|Any CPU.ActiveCfg = Debug|Any CPU
		{FB6E5328-2E07-47DE-99E9-476C7E75AB12}.Debug|Any CPU.Build.0 = Debug|Any CPU
		{FB6E5328-2E07-47DE-99E9-476C7E75AB12}.Release|Any CPU.ActiveCfg = Release|Any CPU
		{FB6E5328-2E07-47DE-99E9-476C7E75AB12}.Release|Any CPU.Build.0 = Release|Any CPU
		{F333CB85-CEFE-4A4B-B88B-B2B1F152E034}.Debug|Any CPU.ActiveCfg = Debug|Any CPU
		{F333CB85-CEFE-4A4B-B88B-B2B1F152E034}.Debug|Any CPU.Build.0 = Debug|Any CPU
		{F333CB85-CEFE-4A4B-B88B-B2B1F152E034}.Release|Any CPU.ActiveCfg = Release|Any CPU
		{F333CB85-CEFE-4A4B-B88B-B2B1F152E034}.Release|Any CPU.Build.0 = Release|Any CPU
	EndGlobalSection
	GlobalSection(SolutionProperties) = preSolution
		HideSolutionNode = FALSE
	EndGlobalSection
	GlobalSection(ExtensibilityGlobals) = postSolution
		SolutionGuid = {2E9B4CA6-31D9-46CF-A8EB-4CD29D9FA118}
	EndGlobalSection
EndGlobal
